
Microsoft Visual Studio Solution File, Format Version 12.00
# Visual Studio Version 16
VisualStudioVersion = 16.0.33328.57
MinimumVisualStudioVersion = 10.0.40219.1
Project("{FAE04EC0-301F-11D3-BF4B-00C04F79EFBC}") = "BaiThucHanh9", "BaiThucHanh9.csproj", "{0156205F-1FA7-46E0-8635-25AEAF3866CD}"
EndProject
Global
	GlobalSection(SolutionConfigurationPlatforms) = preSolution
		Debug|Any CPU = Debug|Any CPU
		Release|Any CPU = Release|Any CPU
	EndGlobalSection
	GlobalSection(ProjectConfigurationPlatforms) = postSolution
		{0156205F-1FA7-46E0-8635-25AEAF3866CD}.Debug|Any CPU.ActiveCfg = Debug|Any CPU
		{0156205F-1FA7-46E0-8635-25AEAF3866CD}.Debug|Any CPU.Build.0 = Debug|Any CPU
		{0156205F-1FA7-46E0-8635-25AEAF3866CD}.Release|Any CPU.ActiveCfg = Release|Any CPU
		{0156205F-1FA7-46E0-8635-25AEAF3866CD}.Release|Any CPU.Build.0 = Release|Any CPU
	EndGlobalSection
	GlobalSection(SolutionProperties) = preSolution
		HideSolutionNode = FALSE
	EndGlobalSection
	GlobalSection(ExtensibilityGlobals) = postSolution
		SolutionGuid = {2BF4968C-590E-4EE7-A359-3D30D366B7BD}
	EndGlobalSection
EndGlobal
