
Microsoft Visual Studio Solution File, Format Version 12.00
# Visual Studio Version 16
VisualStudioVersion = 16.0.33328.57
MinimumVisualStudioVersion = 10.0.40219.1
Project("{FAE04EC0-301F-11D3-BF4B-00C04F79EFBC}") = "BaiThucHanh11", "BaiThucHanh11.csproj", "{1AEFDF35-F0A7-4E91-86EE-308CE2B04EDE}"
EndProject
Global
	GlobalSection(SolutionConfigurationPlatforms) = preSolution
		Debug|Any CPU = Debug|Any CPU
		Release|Any CPU = Release|Any CPU
	EndGlobalSection
	GlobalSection(ProjectConfigurationPlatforms) = postSolution
		{1AEFDF35-F0A7-4E91-86EE-308CE2B04EDE}.Debug|Any CPU.ActiveCfg = Debug|Any CPU
		{1AEFDF35-F0A7-4E91-86EE-308CE2B04EDE}.Debug|Any CPU.Build.0 = Debug|Any CPU
		{1AEFDF35-F0A7-4E91-86EE-308CE2B04EDE}.Release|Any CPU.ActiveCfg = Release|Any CPU
		{1AEFDF35-F0A7-4E91-86EE-308CE2B04EDE}.Release|Any CPU.Build.0 = Release|Any CPU
	EndGlobalSection
	GlobalSection(SolutionProperties) = preSolution
		HideSolutionNode = FALSE
	EndGlobalSection
	GlobalSection(ExtensibilityGlobals) = postSolution
		SolutionGuid = {B62F560C-29E6-49A8-A48F-DAA1FEC4D858}
	EndGlobalSection
EndGlobal
