
Microsoft Visual Studio Solution File, Format Version 12.00
# Visual Studio Version 16
VisualStudioVersion = 16.0.33328.57
MinimumVisualStudioVersion = 10.0.40219.1
Project("{FAE04EC0-301F-11D3-BF4B-00C04F79EFBC}") = "BaiThucHanh1", "BaiThucHanh1.csproj", "{89F0C343-0879-4E45-BF83-8D4E62885F78}"
EndProject
Global
	GlobalSection(SolutionConfigurationPlatforms) = preSolution
		Debug|Any CPU = Debug|Any CPU
		Release|Any CPU = Release|Any CPU
	EndGlobalSection
	GlobalSection(ProjectConfigurationPlatforms) = postSolution
		{89F0C343-0879-4E45-BF83-8D4E62885F78}.Debug|Any CPU.ActiveCfg = Debug|Any CPU
		{89F0C343-0879-4E45-BF83-8D4E62885F78}.Debug|Any CPU.Build.0 = Debug|Any CPU
		{89F0C343-0879-4E45-BF83-8D4E62885F78}.Release|Any CPU.ActiveCfg = Release|Any CPU
		{89F0C343-0879-4E45-BF83-8D4E62885F78}.Release|Any CPU.Build.0 = Release|Any CPU
	EndGlobalSection
	GlobalSection(SolutionProperties) = preSolution
		HideSolutionNode = FALSE
	EndGlobalSection
	GlobalSection(ExtensibilityGlobals) = postSolution
		SolutionGuid = {F2E378FC-E128-4C9E-B9C1-973C1713A929}
	EndGlobalSection
EndGlobal
