
Microsoft Visual Studio Solution File, Format Version 12.00
# Visual Studio Version 16
VisualStudioVersion = 16.0.33328.57
MinimumVisualStudioVersion = 10.0.40219.1
Project("{FAE04EC0-301F-11D3-BF4B-00C04F79EFBC}") = "BaiThucHanh7", "BaiThucHanh7.csproj", "{150ADC28-0894-4FED-A641-F7576D69634F}"
EndProject
Global
	GlobalSection(SolutionConfigurationPlatforms) = preSolution
		Debug|Any CPU = Debug|Any CPU
		Release|Any CPU = Release|Any CPU
	EndGlobalSection
	GlobalSection(ProjectConfigurationPlatforms) = postSolution
		{150ADC28-0894-4FED-A641-F7576D69634F}.Debug|Any CPU.ActiveCfg = Debug|Any CPU
		{150ADC28-0894-4FED-A641-F7576D69634F}.Debug|Any CPU.Build.0 = Debug|Any CPU
		{150ADC28-0894-4FED-A641-F7576D69634F}.Release|Any CPU.ActiveCfg = Release|Any CPU
		{150ADC28-0894-4FED-A641-F7576D69634F}.Release|Any CPU.Build.0 = Release|Any CPU
	EndGlobalSection
	GlobalSection(SolutionProperties) = preSolution
		HideSolutionNode = FALSE
	EndGlobalSection
	GlobalSection(ExtensibilityGlobals) = postSolution
		SolutionGuid = {FC8F4704-F048-475C-8761-EFB3B5E63D16}
	EndGlobalSection
EndGlobal
