
Microsoft Visual Studio Solution File, Format Version 12.00
# Visual Studio Version 16
VisualStudioVersion = 16.0.33214.272
MinimumVisualStudioVersion = 10.0.40219.1
Project("{FAE04EC0-301F-11D3-BF4B-00C04F79EFBC}") = "BaiThucHanh6", "BaiThucHanh6.csproj", "{13F3C640-55E4-4A04-96D9-BD9414CDCD90}"
EndProject
Global
	GlobalSection(SolutionConfigurationPlatforms) = preSolution
		Debug|Any CPU = Debug|Any CPU
		Release|Any CPU = Release|Any CPU
	EndGlobalSection
	GlobalSection(ProjectConfigurationPlatforms) = postSolution
		{13F3C640-55E4-4A04-96D9-BD9414CDCD90}.Debug|Any CPU.ActiveCfg = Debug|Any CPU
		{13F3C640-55E4-4A04-96D9-BD9414CDCD90}.Debug|Any CPU.Build.0 = Debug|Any CPU
		{13F3C640-55E4-4A04-96D9-BD9414CDCD90}.Release|Any CPU.ActiveCfg = Release|Any CPU
		{13F3C640-55E4-4A04-96D9-BD9414CDCD90}.Release|Any CPU.Build.0 = Release|Any CPU
	EndGlobalSection
	GlobalSection(SolutionProperties) = preSolution
		HideSolutionNode = FALSE
	EndGlobalSection
	GlobalSection(ExtensibilityGlobals) = postSolution
		SolutionGuid = {E89D8D6E-735B-45B7-BCAF-BFABBE7156EF}
	EndGlobalSection
EndGlobal
